
Microsoft Visual Studio Solution File, Format Version 12.00
# Visual Studio Version 17
VisualStudioVersion = 17.7.34031.279
MinimumVisualStudioVersion = 10.0.40219.1
Project("{8BC9CEB8-8B4A-11D0-8D11-00A0C91BC942}") = "classes and objekts 02", "classes and objekts 02\classes and objekts 02.vcxproj", "{27399291-1410-45D3-B398-2CFFF436A8E0}"
EndProject
Global
	GlobalSection(SolutionConfigurationPlatforms) = preSolution
		Debug|x64 = Debug|x64
		Debug|x86 = Debug|x86
		Release|x64 = Release|x64
		Release|x86 = Release|x86
	EndGlobalSection
	GlobalSection(ProjectConfigurationPlatforms) = postSolution
		{27399291-1410-45D3-B398-2CFFF436A8E0}.Debug|x64.ActiveCfg = Debug|x64
		{27399291-1410-45D3-B398-2CFFF436A8E0}.Debug|x64.Build.0 = Debug|x64
		{27399291-1410-45D3-B398-2CFFF436A8E0}.Debug|x86.ActiveCfg = Debug|Win32
		{27399291-1410-45D3-B398-2CFFF436A8E0}.Debug|x86.Build.0 = Debug|Win32
		{27399291-1410-45D3-B398-2CFFF436A8E0}.Release|x64.ActiveCfg = Release|x64
		{27399291-1410-45D3-B398-2CFFF436A8E0}.Release|x64.Build.0 = Release|x64
		{27399291-1410-45D3-B398-2CFFF436A8E0}.Release|x86.ActiveCfg = Release|Win32
		{27399291-1410-45D3-B398-2CFFF436A8E0}.Release|x86.Build.0 = Release|Win32
	EndGlobalSection
	GlobalSection(SolutionProperties) = preSolution
		HideSolutionNode = FALSE
	EndGlobalSection
	GlobalSection(ExtensibilityGlobals) = postSolution
		SolutionGuid = {98ACE4C8-9F39-4CF3-B48E-D885A1370615}
	EndGlobalSection
EndGlobal
